// !$*UTF8*$!
{
	archiveVersion = 1;
	classes = {
	};
	objectVersion = 77;
	objects = {

/* Begin PBXContainerItemProxy section */
		4AEDA8092F4CF2D9002FD344 /* PBXContainerItemProxy */ = {
			isa = PBXContainerItemProxy;
			containerPortal = 4AEDA7F32F4CF2D8002FD344 /* Project object */;
			proxyType = 1;
			remoteGlobalIDString = 4AEDA7FA2F4CF2D8002FD344;
			remoteInfo = "CBC Hub";
		};
		4AEDA8132F4CF2D9002FD344 /* PBXContainerItemProxy */ = {
			isa = PBXContainerItemProxy;
			containerPortal = 4AEDA7F32F4CF2D8002FD344 /* Project object */;
			proxyType = 1;
			remoteGlobalIDString = 4AEDA7FA2F4CF2D8002FD344;
			remoteInfo = "CBC Hub";
		};
/* End PBXContainerItemProxy section */

/* Begin PBXFileReference section */
		4AEDA7FB2F4CF2D8002FD344 /* CBC Hub.app */ = {isa = PBXFileReference; explicitFileType = wrapper.application; includeInIndex = 0; path = "CBC Hub.app"; sourceTree = BUILT_PRODUCTS_DIR; };
		4AEDA8082F4CF2D9002FD344 /* CBC HubTests.xctest */ = {isa = PBXFileReference; explicitFileType = wrapper.cfbundle; includeInIndex = 0; path = "CBC HubTests.xctest"; sourceTree = BUILT_PRODUCTS_DIR; };
		4AEDA8122F4CF2D9002FD344 /* CBC HubUITests.xctest */ = {isa = PBXFileReference; explicitFileType = wrapper.cfbundle; includeInIndex = 0; path = "CBC HubUITests.xctest"; sourceTree = BUILT_PRODUCTS_DIR; };
/* End PBXFileReference section */

/* Begin PBXFileSystemSynchronizedRootGroup section */
		4AEDA7FD2F4CF2D8002FD344 /* CBC Hub */ = {
			isa = PBXFileSystemSynchronizedRootGroup;
			path = "CBC Hub";
			sourceTree = "<group>";
		};
		4AEDA80B2F4CF2D9002FD344 /* CBC HubTests */ = {
			isa = PBXFileSystemSynchronizedRootGroup;
			path = "CBC HubTests";
			sourceTree = "<group>";
		};
		4AEDA8152F4CF2D9002FD344 /* CBC HubUITests */ = {
			isa = PBXFileSystemSynchronizedRootGroup;
			path = "CBC HubUITests";
			sourceTree = "<group>";
		};
/* End PBXFileSystemSynchronizedRootGroup section */

/* Begin PBXFrameworksBuildPhase section */
		4AEDA7F82F4CF2D8002FD344 /* Frameworks */ = {
			isa = PBXFrameworksBuildPhase;
			buildActionMask = 2147483647;
			files = (
			);
			runOnlyForDeploymentPostprocessing = 0;
		};
		4AEDA8052F4CF2D9002FD344 /* Frameworks */ = {
			isa = PBXFrameworksBuildPhase;
			buildActionMask = 2147483647;
			files = (
			);
			runOnlyForDeploymentPostprocessing = 0;
		};
		4AEDA80F2F4CF2D9002FD344 /* Frameworks */ = {
			isa = PBXFrameworksBuildPhase;
			buildActionMask = 2147483647;
			files = (
			);
			runOnlyForDeploymentPostprocessing = 0;
		};
/* End PBXFrameworksBuildPhase section */

/* Begin PBXGroup section */
		4AEDA7F22F4CF2D8002FD344 = {
			isa = PBXGroup;
			children = (
				4AEDA7FD2F4CF2D8002FD344 /* CBC Hub */,
				4AEDA80B2F4CF2D9002FD344 /* CBC HubTests */,
				4AEDA8152F4CF2D9002FD344 /* CBC HubUITests */,
				4AEDA7FC2F4CF2D8002FD344 /* Products */,
			);
			sourceTree = "<group>";
		};
		4AEDA7FC2F4CF2D8002FD344 /* Products */ = {
			isa = PBXGroup;
			children = (
				4AEDA7FB2F4CF2D8002FD344 /* CBC Hub.app */,
				4AEDA8082F4CF2D9002FD344 /* CBC HubTests.xctest */,
				4AEDA8122F4CF2D9002FD344 /* CBC HubUITests.xctest */,
			);
			name = Products;
			sourceTree = "<group>";
		};
/* End PBXGroup section */

/* Begin PBXNativeTarget section */
		4AEDA7FA2F4CF2D8002FD344 /* CBC Hub */ = {
			isa = PBXNativeTarget;
			buildConfigurationList = 4AEDA81C2F4CF2D9002FD344 /* Build configuration list for PBXNativeTarget "CBC Hub" */;
			buildPhases = (
				4AEDA7F72F4CF2D8002FD344 /* Sources */,
				4AEDA7F82F4CF2D8002FD344 /* Frameworks */,
				4AEDA7F92F4CF2D8002FD344 /* Resources */,
			);
			buildRules = (
			);
			dependencies = (
			);
			fileSystemSynchronizedGroups = (
				4AEDA7FD2F4CF2D8002FD344 /* CBC Hub */,
			);
			name = "CBC Hub";
			packageProductDependencies = (
			);
			productName = "CBC Hub";
			productReference = 4AEDA7FB2F4CF2D8002FD344 /* CBC Hub.app */;
			productType = "com.apple.product-type.application";
		};
		4AEDA8072F4CF2D9002FD344 /* CBC HubTests */ = {
			isa = PBXNativeTarget;
			buildConfigurationList = 4AEDA81F2F4CF2D9002FD344 /* Build configuration list for PBXNativeTarget "CBC HubTests" */;
			buildPhases = (
				4AEDA8042F4CF2D9002FD344 /* Sources */,
				4AEDA8052F4CF2D9002FD344 /* Frameworks */,
				4AEDA8062F4CF2D9002FD344 /* Resources */,
			);
			buildRules = (
			);
			dependencies = (
				4AEDA80A2F4CF2D9002FD344 /* PBXTargetDependency */,
			);
			fileSystemSynchronizedGroups = (
				4AEDA80B2F4CF2D9002FD344 /* CBC HubTests */,
			);
			name = "CBC HubTests";
			packageProductDependencies = (
			);
			productName = "CBC HubTests";
			productReference = 4AEDA8082F4CF2D9002FD344 /* CBC HubTests.xctest */;
			productType = "com.apple.product-type.bundle.unit-test";
		};
		4AEDA8112F4CF2D9002FD344 /* CBC HubUITests */ = {
			isa = PBXNativeTarget;
			buildConfigurationList = 4AEDA8222F4CF2D9002FD344 /* Build configuration list for PBXNativeTarget "CBC HubUITests" */;
			buildPhases = (
				4AEDA80E2F4CF2D9002FD344 /* Sources */,
				4AEDA80F2F4CF2D9002FD344 /* Frameworks */,
				4AEDA8102F4CF2D9002FD344 /* Resources */,
			);
			buildRules = (
			);
			dependencies = (
				4AEDA8142F4CF2D9002FD344 /* PBXTargetDependency */,
			);
			fileSystemSynchronizedGroups = (
				4AEDA8152F4CF2D9002FD344 /* CBC HubUITests */,
			);
			name = "CBC HubUITests";
			packageProductDependencies = (
			);
			productName = "CBC HubUITests";
			productReference = 4AEDA8122F4CF2D9002FD344 /* CBC HubUITests.xctest */;
			productType = "com.apple.product-type.bundle.ui-testing";
		};
/* End PBXNativeTarget section */

/* Begin PBXProject section */
		4AEDA7F32F4CF2D8002FD344 /* Project object */ = {
			isa = PBXProject;
			attributes = {
				BuildIndependentTargetsInParallel = 1;
				LastSwiftUpdateCheck = 2620;
				LastUpgradeCheck = 2620;
				TargetAttributes = {
					4AEDA7FA2F4CF2D8002FD344 = {
						CreatedOnToolsVersion = 26.2;
					};
					4AEDA8072F4CF2D9002FD344 = {
						CreatedOnToolsVersion = 26.2;
						TestTargetID = 4AEDA7FA2F4CF2D8002FD344;
					};
					4AEDA8112F4CF2D9002FD344 = {
						CreatedOnToolsVersion = 26.2;
						TestTargetID = 4AEDA7FA2F4CF2D8002FD344;
					};
				};
			};
			buildConfigurationList = 4AEDA7F62F4CF2D8002FD344 /* Build configuration list for PBXProject "CBC Hub" */;
			developmentRegion = en;
			hasScannedForEncodings = 0;
			knownRegions = (
				en,
				Base,
			);
			mainGroup = 4AEDA7F22F4CF2D8002FD344;
			minimizedProjectReferenceProxies = 1;
			preferredProjectObjectVersion = 77;
			productRefGroup = 4AEDA7FC2F4CF2D8002FD344 /* Products */;
			projectDirPath = "";
			projectRoot = "";
			targets = (
				4AEDA7FA2F4CF2D8002FD344 /* CBC Hub */,
				4AEDA8072F4CF2D9002FD344 /* CBC HubTests */,
				4AEDA8112F4CF2D9002FD344 /* CBC HubUITests */,
			);
		};
/* End PBXProject section */

/* Begin PBXResourcesBuildPhase section */
		4AEDA7F92F4CF2D8002FD344 /* Resources */ = {
			isa = PBXResourcesBuildPhase;
			buildActionMask = 2147483647;
			files = (
			);
			runOnlyForDeploymentPostprocessing = 0;
		};
		4AEDA8062F4CF2D9002FD344 /* Resources */ = {
			isa = PBXResourcesBuildPhase;
			buildActionMask = 2147483647;
			files = (
			);
			runOnlyForDeploymentPostprocessing = 0;
		};
		4AEDA8102F4CF2D9002FD344 /* Resources */ = {
			isa = PBXResourcesBuildPhase;
			buildActionMask = 2147483647;
			files = (
			);
			runOnlyForDeploymentPostprocessing = 0;
		};
/* End PBXResourcesBuildPhase section */

/* Begin PBXSourcesBuildPhase section */
		4AEDA7F72F4CF2D8002FD344 /* Sources */ = {
			isa = PBXSourcesBuildPhase;
			buildActionMask = 2147483647;
			files = (
			);
			runOnlyForDeploymentPostprocessing = 0;
		};
		4AEDA8042F4CF2D9002FD344 /* Sources */ = {
			isa = PBXSourcesBuildPhase;
			buildActionMask = 2147483647;
			files = (
			);
			runOnlyForDeploymentPostprocessing = 0;
		};
		4AEDA80E2F4CF2D9002FD344 /* Sources */ = {
			isa = PBXSourcesBuildPhase;
			buildActionMask = 2147483647;
			files = (
			);
			runOnlyForDeploymentPostprocessing = 0;
		};
/* End PBXSourcesBuildPhase section */

/* Begin PBXTargetDependency section */
		4AEDA80A2F4CF2D9002FD344 /* PBXTargetDependency */ = {
			isa = PBXTargetDependency;
			target = 4AEDA7FA2F4CF2D8002FD344 /* CBC Hub */;
			targetProxy = 4AEDA8092F4CF2D9002FD344 /* PBXContainerItemProxy */;
		};
		4AEDA8142F4CF2D9002FD344 /* PBXTargetDependency */ = {
			isa = PBXTargetDependency;
			target = 4AEDA7FA2F4CF2D8002FD344 /* CBC Hub */;
			targetProxy = 4AEDA8132F4CF2D9002FD344 /* PBXContainerItemProxy */;
		};
/* End PBXTargetDependency section */

/* Begin XCBuildConfiguration section */
		4AEDA81A2F4CF2D9002FD344 /* Debug */ = {
			isa = XCBuildConfiguration;
			buildSettings = {
				ALWAYS_SEARCH_USER_PATHS = NO;
				ASSETCATALOG_COMPILER_GENERATE_SWIFT_ASSET_SYMBOL_EXTENSIONS = YES;
				CLANG_ANALYZER_NONNULL = YES;
				CLANG_ANALYZER_NUMBER_OBJECT_CONVERSION = YES_AGGRESSIVE;
				CLANG_CXX_LANGUAGE_STANDARD = "gnu++20";
				CLANG_ENABLE_MODULES = YES;
				CLANG_ENABLE_OBJC_ARC = YES;
				CLANG_ENABLE_OBJC_WEAK = YES;
				CLANG_WARN_BLOCK_CAPTURE_AUTORELEASING = YES;
				CLANG_WARN_BOOL_CONVERSION = YES;
				CLANG_WARN_COMMA = YES;
				CLANG_WARN_CONSTANT_CONVERSION = YES;
				CLANG_WARN_DEPRECATED_OBJC_IMPLEMENTATIONS = YES;
				CLANG_WARN_DIRECT_OBJC_ISA_USAGE = YES_ERROR;
				CLANG_WARN_DOCUMENTATION_COMMENTS = YES;
				CLANG_WARN_EMPTY_BODY = YES;
				CLANG_WARN_ENUM_CONVERSION = YES;
				CLANG_WARN_INFINITE_RECURSION = YES;
				CLANG_WARN_INT_CONVERSION = YES;
				CLANG_WARN_NON_LITERAL_NULL_CONVERSION = YES;
				CLANG_WARN_OBJC_IMPLICIT_RETAIN_SELF = YES;
				CLANG_WARN_OBJC_LITERAL_CONVERSION = YES;
				CLANG_WARN_OBJC_ROOT_CLASS = YES_ERROR;
				CLANG_WARN_QUOTED_INCLUDE_IN_FRAMEWORK_HEADER = YES;
				CLANG_WARN_RANGE_LOOP_ANALYSIS = YES;
				CLANG_WARN_STRICT_PROTOTYPES = YES;
				CLANG_WARN_SUSPICIOUS_MOVE = YES;
				CLANG_WARN_UNGUARDED_AVAILABILITY = YES_AGGRESSIVE;
				CLANG_WARN_UNREACHABLE_CODE = YES;
				CLANG_WARN__DUPLICATE_METHOD_MATCH = YES;
				COPY_PHASE_STRIP = NO;
				DEBUG_INFORMATION_FORMAT = dwarf;
				DEVELOPMENT_TEAM = MKPUVQGYSS;
				ENABLE_STRICT_OBJC_MSGSEND = YES;
				ENABLE_TESTABILITY = YES;
				ENABLE_USER_SCRIPT_SANDBOXING = YES;
				GCC_C_LANGUAGE_STANDARD = gnu17;
				GCC_DYNAMIC_NO_PIC = NO;
				GCC_NO_COMMON_BLOCKS = YES;
				GCC_OPTIMIZATION_LEVEL = 0;
				GCC_PREPROCESSOR_DEFINITIONS = (
					"DEBUG=1",
					"$(inherited)",
				);
				GCC_WARN_64_TO_32_BIT_CONVERSION = YES;
				GCC_WARN_ABOUT_RETURN_TYPE = YES_ERROR;
				GCC_WARN_UNDECLARED_SELECTOR = YES;
				GCC_WARN_UNINITIALIZED_AUTOS = YES_AGGRESSIVE;
				GCC_WARN_UNUSED_FUNCTION = YES;
				GCC_WARN_UNUSED_VARIABLE = YES;
				IPHONEOS_DEPLOYMENT_TARGET = 26.2;
				LOCALIZATION_PREFERS_STRING_CATALOGS = YES;
				MTL_ENABLE_DEBUG_INFO = INCLUDE_SOURCE;
				MTL_FAST_MATH = YES;
				ONLY_ACTIVE_ARCH = YES;
				SDKROOT = iphoneos;
				SWIFT_ACTIVE_COMPILATION_CONDITIONS = "DEBUG $(inherited)";
				SWIFT_OPTIMIZATION_LEVEL = "-Onone";
			};
			name = Debug;
		};
		4AEDA81B2F4CF2D9002FD344 /* Release */ = {
			isa = XCBuildConfiguration;
			buildSettings = {
				ALWAYS_SEARCH_USER_PATHS = NO;
				ASSETCATALOG_COMPILER_GENERATE_SWIFT_ASSET_SYMBOL_EXTENSIONS = YES;
				CLANG_ANALYZER_NONNULL = YES;
				CLANG_ANALYZER_NUMBER_OBJECT_CONVERSION = YES_AGGRESSIVE;
				CLANG_CXX_LANGUAGE_STANDARD = "gnu++20";
				CLANG_ENABLE_MODULES = YES;
				CLANG_ENABLE_OBJC_ARC = YES;
				CLANG_ENABLE_OBJC_WEAK = YES;
				CLANG_WARN_BLOCK_CAPTURE_AUTORELEASING = YES;
				CLANG_WARN_BOOL_CONVERSION = YES;
				CLANG_WARN_COMMA = YES;
				CLANG_WARN_CONSTANT_CONVERSION = YES;
				CLANG_WARN_DEPRECATED_OBJC_IMPLEMENTATIONS = YES;
				CLANG_WARN_DIRECT_OBJC_ISA_USAGE = YES_ERROR;
				CLANG_WARN_DOCUMENTATION_COMMENTS = YES;
				CLANG_WARN_EMPTY_BODY = YES;
				CLANG_WARN_ENUM_CONVERSION = YES;
				CLANG_WARN_INFINITE_RECURSION = YES;
				CLANG_WARN_INT_CONVERSION = YES;
				CLANG_WARN_NON_LITERAL_NULL_CONVERSION = YES;
				CLANG_WARN_OBJC_IMPLICIT_RETAIN_SELF = YES;
				CLANG_WARN_OBJC_LITERAL_CONVERSION = YES;
				CLANG_WARN_OBJC_ROOT_CLASS = YES_ERROR;
				CLANG_WARN_QUOTED_INCLUDE_IN_FRAMEWORK_HEADER = YES;
				CLANG_WARN_RANGE_LOOP_ANALYSIS = YES;
				CLANG_WARN_STRICT_PROTOTYPES = YES;
				CLANG_WARN_SUSPICIOUS_MOVE = YES;
				CLANG_WARN_UNGUARDED_AVAILABILITY = YES_AGGRESSIVE;
				CLANG_WARN_UNREACHABLE_CODE = YES;
				CLANG_WARN__DUPLICATE_METHOD_MATCH = YES;
				COPY_PHASE_STRIP = NO;
				DEBUG_INFORMATION_FORMAT = "dwarf-with-dsym";
				DEVELOPMENT_TEAM = MKPUVQGYSS;
				ENABLE_NS_ASSERTIONS = NO;
				ENABLE_STRICT_OBJC_MSGSEND = YES;
				ENABLE_USER_SCRIPT_SANDBOXING = YES;
				GCC_C_LANGUAGE_STANDARD = gnu17;
				GCC_NO_COMMON_BLOCKS = YES;
				GCC_WARN_64_TO_32_BIT_CONVERSION = YES;
				GCC_WARN_ABOUT_RETURN_TYPE = YES_ERROR;
				GCC_WARN_UNDECLARED_SELECTOR = YES;
				GCC_WARN_UNINITIALIZED_AUTOS = YES_AGGRESSIVE;
				GCC_WARN_UNUSED_FUNCTION = YES;
				GCC_WARN_UNUSED_VARIABLE = YES;
				IPHONEOS_DEPLOYMENT_TARGET = 26.2;
				LOCALIZATION_PREFERS_STRING_CATALOGS = YES;
				MTL_ENABLE_DEBUG_INFO = NO;
				MTL_FAST_MATH = YES;
				SDKROOT = iphoneos;
				SWIFT_COMPILATION_MODE = wholemodule;
				VALIDATE_PRODUCT = YES;
			};
			name = Release;
		};
		4AEDA81D2F4CF2D9002FD344 /* Debug */ = {
			isa = XCBuildConfiguration;
			buildSettings = {
				ASSETCATALOG_COMPILER_APPICON_NAME = AppIcon;
				ASSETCATALOG_COMPILER_GLOBAL_ACCENT_COLOR_NAME = AccentColor;
				CODE_SIGN_STYLE = Automatic;
				CURRENT_PROJECT_VERSION = 1;
				DEVELOPMENT_TEAM = MKPUVQGYSS;
				ENABLE_PREVIEWS = YES;
				GENERATE_INFOPLIST_FILE = YES;
				INFOPLIST_KEY_UIApplicationSceneManifest_Generation = YES;
				INFOPLIST_KEY_UIApplicationSupportsIndirectInputEvents = YES;
				INFOPLIST_KEY_UILaunchScreen_Generation = YES;
				INFOPLIST_KEY_UISupportedInterfaceOrientations_iPad = "UIInterfaceOrientationPortrait UIInterfaceOrientationPortraitUpsideDown UIInterfaceOrientationLandscapeLeft UIInterfaceOrientationLandscapeRight";
				INFOPLIST_KEY_UISupportedInterfaceOrientations_iPhone = "UIInterfaceOrientationPortrait UIInterfaceOrientationLandscapeLeft UIInterfaceOrientationLandscapeRight";
				LD_RUNPATH_SEARCH_PATHS = (
					"$(inherited)",
					"@executable_path/Frameworks",
				);
				MARKETING_VERSION = 1.0;
				PRODUCT_BUNDLE_IDENTIFIER = "henrygoldrich.CBC-Hub";
				PRODUCT_NAME = "$(TARGET_NAME)";
				STRING_CATALOG_GENERATE_SYMBOLS = YES;
				SWIFT_APPROACHABLE_CONCURRENCY = YES;
				SWIFT_DEFAULT_ACTOR_ISOLATION = MainActor;
				SWIFT_EMIT_LOC_STRINGS = YES;
				SWIFT_UPCOMING_FEATURE_MEMBER_IMPORT_VISIBILITY = YES;
				SWIFT_VERSION = 5.0;
				TARGETED_DEVICE_FAMILY = "1,2";
			};
			name = Debug;
		};
		4AEDA81E2F4CF2D9002FD344 /* Release */ = {
			isa = XCBuildConfiguration;
			buildSettings = {
				ASSETCATALOG_COMPILER_APPICON_NAME = AppIcon;
				ASSETCATALOG_COMPILER_GLOBAL_ACCENT_COLOR_NAME = AccentColor;
				CODE_SIGN_STYLE = Automatic;
				CURRENT_PROJECT_VERSION = 1;
				DEVELOPMENT_TEAM = MKPUVQGYSS;
				ENABLE_PREVIEWS = YES;
				GENERATE_INFOPLIST_FILE = YES;
				INFOPLIST_KEY_UIApplicationSceneManifest_Generation = YES;
				INFOPLIST_KEY_UIApplicationSupportsIndirectInputEvents = YES;
				INFOPLIST_KEY_UILaunchScreen_Generation = YES;
				INFOPLIST_KEY_UISupportedInterfaceOrientations_iPad = "UIInterfaceOrientationPortrait UIInterfaceOrientationPortraitUpsideDown UIInterfaceOrientationLandscapeLeft UIInterfaceOrientationLandscapeRight";
				INFOPLIST_KEY_UISupportedInterfaceOrientations_iPhone = "UIInterfaceOrientationPortrait UIInterfaceOrientationLandscapeLeft UIInterfaceOrientationLandscapeRight";
				LD_RUNPATH_SEARCH_PATHS = (
					"$(inherited)",
					"@executable_path/Frameworks",
				);
				MARKETING_VERSION = 1.0;
				PRODUCT_BUNDLE_IDENTIFIER = "henrygoldrich.CBC-Hub";
				PRODUCT_NAME = "$(TARGET_NAME)";
				STRING_CATALOG_GENERATE_SYMBOLS = YES;
				SWIFT_APPROACHABLE_CONCURRENCY = YES;
				SWIFT_DEFAULT_ACTOR_ISOLATION = MainActor;
				SWIFT_EMIT_LOC_STRINGS = YES;
				SWIFT_UPCOMING_FEATURE_MEMBER_IMPORT_VISIBILITY = YES;
				SWIFT_VERSION = 5.0;
				TARGETED_DEVICE_FAMILY = "1,2";
			};
			name = Release;
		};
		4AEDA8202F4CF2D9002FD344 /* Debug */ = {
			isa = XCBuildConfiguration;
			buildSettings = {
				BUNDLE_LOADER = "$(TEST_HOST)";
				CODE_SIGN_STYLE = Automatic;
				CURRENT_PROJECT_VERSION = 1;
				DEVELOPMENT_TEAM = MKPUVQGYSS;
				GENERATE_INFOPLIST_FILE = YES;
				IPHONEOS_DEPLOYMENT_TARGET = 26.2;
				MARKETING_VERSION = 1.0;
				PRODUCT_BUNDLE_IDENTIFIER = "henrygoldrich.CBC-HubTests";
				PRODUCT_NAME = "$(TARGET_NAME)";
				STRING_CATALOG_GENERATE_SYMBOLS = NO;
				SWIFT_APPROACHABLE_CONCURRENCY = YES;
				SWIFT_EMIT_LOC_STRINGS = NO;
				SWIFT_UPCOMING_FEATURE_MEMBER_IMPORT_VISIBILITY = YES;
				SWIFT_VERSION = 5.0;
				TARGETED_DEVICE_FAMILY = "1,2";
				TEST_HOST = "$(BUILT_PRODUCTS_DIR)/CBC Hub.app/$(BUNDLE_EXECUTABLE_FOLDER_PATH)/CBC Hub";
			};
			name = Debug;
		};
		4AEDA8212F4CF2D9002FD344 /* Release */ = {
			isa = XCBuildConfiguration;
			buildSettings = {
				BUNDLE_LOADER = "$(TEST_HOST)";
				CODE_SIGN_STYLE = Automatic;
				CURRENT_PROJECT_VERSION = 1;
				DEVELOPMENT_TEAM = MKPUVQGYSS;
				GENERATE_INFOPLIST_FILE = YES;
				IPHONEOS_DEPLOYMENT_TARGET = 26.2;
				MARKETING_VERSION = 1.0;
				PRODUCT_BUNDLE_IDENTIFIER = "henrygoldrich.CBC-HubTests";
				PRODUCT_NAME = "$(TARGET_NAME)";
				STRING_CATALOG_GENERATE_SYMBOLS = NO;
				SWIFT_APPROACHABLE_CONCURRENCY = YES;
				SWIFT_EMIT_LOC_STRINGS = NO;
				SWIFT_UPCOMING_FEATURE_MEMBER_IMPORT_VISIBILITY = YES;
				SWIFT_VERSION = 5.0;
				TARGETED_DEVICE_FAMILY = "1,2";
				TEST_HOST = "$(BUILT_PRODUCTS_DIR)/CBC Hub.app/$(BUNDLE_EXECUTABLE_FOLDER_PATH)/CBC Hub";
			};
			name = Release;
		};
		4AEDA8232F4CF2D9002FD344 /* Debug */ = {
			isa = XCBuildConfiguration;
			buildSettings = {
				CODE_SIGN_STYLE = Automatic;
				CURRENT_PROJECT_VERSION = 1;
				DEVELOPMENT_TEAM = MKPUVQGYSS;
				GENERATE_INFOPLIST_FILE = YES;
				MARKETING_VERSION = 1.0;
				PRODUCT_BUNDLE_IDENTIFIER = "henrygoldrich.CBC-HubUITests";
				PRODUCT_NAME = "$(TARGET_NAME)";
				STRING_CATALOG_GENERATE_SYMBOLS = NO;
				SWIFT_APPROACHABLE_CONCURRENCY = YES;
				SWIFT_EMIT_LOC_STRINGS = NO;
				SWIFT_UPCOMING_FEATURE_MEMBER_IMPORT_VISIBILITY = YES;
				SWIFT_VERSION = 5.0;
				TARGETED_DEVICE_FAMILY = "1,2";
				TEST_TARGET_NAME = "CBC Hub";
			};
			name = Debug;
		};
		4AEDA8242F4CF2D9002FD344 /* Release */ = {
			isa = XCBuildConfiguration;
			buildSettings = {
				CODE_SIGN_STYLE = Automatic;
				CURRENT_PROJECT_VERSION = 1;
				DEVELOPMENT_TEAM = MKPUVQGYSS;
				GENERATE_INFOPLIST_FILE = YES;
				MARKETING_VERSION = 1.0;
				PRODUCT_BUNDLE_IDENTIFIER = "henrygoldrich.CBC-HubUITests";
				PRODUCT_NAME = "$(TARGET_NAME)";
				STRING_CATALOG_GENERATE_SYMBOLS = NO;
				SWIFT_APPROACHABLE_CONCURRENCY = YES;
				SWIFT_EMIT_LOC_STRINGS = NO;
				SWIFT_UPCOMING_FEATURE_MEMBER_IMPORT_VISIBILITY = YES;
				SWIFT_VERSION = 5.0;
				TARGETED_DEVICE_FAMILY = "1,2";
				TEST_TARGET_NAME = "CBC Hub";
			};
			name = Release;
		};
/* End XCBuildConfiguration section */

/* Begin XCConfigurationList section */
		4AEDA7F62F4CF2D8002FD344 /* Build configuration list for PBXProject "CBC Hub" */ = {
			isa = XCConfigurationList;
			buildConfigurations = (
				4AEDA81A2F4CF2D9002FD344 /* Debug */,
				4AEDA81B2F4CF2D9002FD344 /* Release */,
			);
			defaultConfigurationIsVisible = 0;
			defaultConfigurationName = Release;
		};
		4AEDA81C2F4CF2D9002FD344 /* Build configuration list for PBXNativeTarget "CBC Hub" */ = {
			isa = XCConfigurationList;
			buildConfigurations = (
				4AEDA81D2F4CF2D9002FD344 /* Debug */,
				4AEDA81E2F4CF2D9002FD344 /* Release */,
			);
			defaultConfigurationIsVisible = 0;
			defaultConfigurationName = Release;
		};
		4AEDA81F2F4CF2D9002FD344 /* Build configuration list for PBXNativeTarget "CBC HubTests" */ = {
			isa = XCConfigurationList;
			buildConfigurations = (
				4AEDA8202F4CF2D9002FD344 /* Debug */,
				4AEDA8212F4CF2D9002FD344 /* Release */,
			);
			defaultConfigurationIsVisible = 0;
			defaultConfigurationName = Release;
		};
		4AEDA8222F4CF2D9002FD344 /* Build configuration list for PBXNativeTarget "CBC HubUITests" */ = {
			isa = XCConfigurationList;
			buildConfigurations = (
				4AEDA8232F4CF2D9002FD344 /* Debug */,
				4AEDA8242F4CF2D9002FD344 /* Release */,
			);
			defaultConfigurationIsVisible = 0;
			defaultConfigurationName = Release;
		};
/* End XCConfigurationList section */
	};
	rootObject = 4AEDA7F32F4CF2D8002FD344 /* Project object */;
}
